<?xml version="1.0" encoding="UTF-8" standalone="yes" ?>
<CodeBlocks_project_file>
	<FileVersion major="1" minor="6" />
	<Project>
		<Option title="Sandbox" />
		<Option pch_mode="2" />
		<Option compiler="gcc" />
		<Build>
			<Target title="Debug">
				<Option output="bin/Debug/Sandbox" prefix_auto="1" extension_auto="1" />
				<Option object_output="obj/Debug/" />
				<Option type="1" />
				<Option compiler="gcc" />
				<Compiler>
					<Add option="-g" />
				</Compiler>
			</Target>
			<Target title="Release">
				<Option output="bin/Release/Sandbox" prefix_auto="1" extension_auto="1" />
				<Option object_output="obj/Release/" />
				<Option type="1" />
				<Option compiler="gcc" />
				<Compiler>
					<Add option="-O2" />
				</Compiler>
				<Linker>
					<Add option="-s" />
				</Linker>
			</Target>
		</Build>
		<Compiler>
			<Add option="-Wall" />
			<Add directory="../NumberTheory/inc" />
			<Add directory="../Utils/inc" />
			<Add directory="../Sort/inc" />
			<Add directory="../Sudoku/inc" />
			<Add directory="../Primes/inc" />
			<Add directory="../Primes_Threaded/inc" />
		</Compiler>
		<Linker>
			<Add library="../Primes/libPrimes.a" />
			<Add library="../NumberTheory/libNumberTheory.a" />
			<Add library="../Sort/libSort.a" />
			<Add library="../Sudoku/libSudoku.a" />
			<Add library="../Utils/libUtils.a" />
			<Add library="pthread" />
			<Add library="../Primes_Threaded/libPrimes_Threaded.a" />
		</Linker>
		<Unit filename="main.c">
			<Option compilerVar="CC" />
		</Unit>
		<Extensions>
			<code_completion />
			<envvars />
			<debugger />
			<lib_finder disable_auto="1" />
		</Extensions>
	</Project>
</CodeBlocks_project_file>
